
Microsoft Visual Studio Solution File, Format Version 12.00
# Visual Studio Version 17
VisualStudioVersion = 17.4.33110.190
MinimumVisualStudioVersion = 10.0.40219.1
Project("{FAE04EC0-301F-11D3-BF4B-00C04F79EFBC}") = "GameTime1046", "GameTime1046\GameTime1046.csproj", "{16EFAD01-E9B0-4ED9-AF01-3F05CD329BDF}"
EndProject
Global
	GlobalSection(SolutionConfigurationPlatforms) = preSolution
		Debug|Any CPU = Debug|Any CPU
		Release|Any CPU = Release|Any CPU
	EndGlobalSection
	GlobalSection(ProjectConfigurationPlatforms) = postSolution
		{16EFAD01-E9B0-4ED9-AF01-3F05CD329BDF}.Debug|Any CPU.ActiveCfg = Debug|Any CPU
		{16EFAD01-E9B0-4ED9-AF01-3F05CD329BDF}.Debug|Any CPU.Build.0 = Debug|Any CPU
		{16EFAD01-E9B0-4ED9-AF01-3F05CD329BDF}.Release|Any CPU.ActiveCfg = Release|Any CPU
		{16EFAD01-E9B0-4ED9-AF01-3F05CD329BDF}.Release|Any CPU.Build.0 = Release|Any CPU
	EndGlobalSection
	GlobalSection(SolutionProperties) = preSolution
		HideSolutionNode = FALSE
	EndGlobalSection
	GlobalSection(ExtensibilityGlobals) = postSolution
		SolutionGuid = {97DC5AA1-B7F8-4ECD-868C-3FBFFE6731C8}
	EndGlobalSection
EndGlobal
