
Microsoft Visual Studio Solution File, Format Version 12.00
# Visual Studio Version 17
VisualStudioVersion = 17.4.33110.190
MinimumVisualStudioVersion = 10.0.40219.1
Project("{FAE04EC0-301F-11D3-BF4B-00C04F79EFBC}") = "SelectionTest1", "SelectionTest1\SelectionTest1.csproj", "{4E54FA7F-926E-432A-9D92-8C5D6299BABB}"
EndProject
Global
	GlobalSection(SolutionConfigurationPlatforms) = preSolution
		Debug|Any CPU = Debug|Any CPU
		Release|Any CPU = Release|Any CPU
	EndGlobalSection
	GlobalSection(ProjectConfigurationPlatforms) = postSolution
		{4E54FA7F-926E-432A-9D92-8C5D6299BABB}.Debug|Any CPU.ActiveCfg = Debug|Any CPU
		{4E54FA7F-926E-432A-9D92-8C5D6299BABB}.Debug|Any CPU.Build.0 = Debug|Any CPU
		{4E54FA7F-926E-432A-9D92-8C5D6299BABB}.Release|Any CPU.ActiveCfg = Release|Any CPU
		{4E54FA7F-926E-432A-9D92-8C5D6299BABB}.Release|Any CPU.Build.0 = Release|Any CPU
	EndGlobalSection
	GlobalSection(SolutionProperties) = preSolution
		HideSolutionNode = FALSE
	EndGlobalSection
	GlobalSection(ExtensibilityGlobals) = postSolution
		SolutionGuid = {A5FCB7AB-97C9-4752-BF8E-07109C6C4DDF}
	EndGlobalSection
EndGlobal
