
Microsoft Visual Studio Solution File, Format Version 12.00
# Visual Studio Version 17
VisualStudioVersion = 17.4.33110.190
MinimumVisualStudioVersion = 10.0.40219.1
Project("{FAE04EC0-301F-11D3-BF4B-00C04F79EFBC}") = "EvenOddPositiveandNegative1066", "EvenOddPositiveandNegative1066\EvenOddPositiveandNegative1066.csproj", "{CEC5B1A8-F572-40E3-AE00-2B278ADB0B41}"
EndProject
Global
	GlobalSection(SolutionConfigurationPlatforms) = preSolution
		Debug|Any CPU = Debug|Any CPU
		Release|Any CPU = Release|Any CPU
	EndGlobalSection
	GlobalSection(ProjectConfigurationPlatforms) = postSolution
		{CEC5B1A8-F572-40E3-AE00-2B278ADB0B41}.Debug|Any CPU.ActiveCfg = Debug|Any CPU
		{CEC5B1A8-F572-40E3-AE00-2B278ADB0B41}.Debug|Any CPU.Build.0 = Debug|Any CPU
		{CEC5B1A8-F572-40E3-AE00-2B278ADB0B41}.Release|Any CPU.ActiveCfg = Release|Any CPU
		{CEC5B1A8-F572-40E3-AE00-2B278ADB0B41}.Release|Any CPU.Build.0 = Release|Any CPU
	EndGlobalSection
	GlobalSection(SolutionProperties) = preSolution
		HideSolutionNode = FALSE
	EndGlobalSection
	GlobalSection(ExtensibilityGlobals) = postSolution
		SolutionGuid = {8DFE184F-AE1E-44F7-91BC-B85D02E1E297}
	EndGlobalSection
EndGlobal
