
Microsoft Visual Studio Solution File, Format Version 12.00
# Visual Studio Version 17
VisualStudioVersion = 17.4.33110.190
MinimumVisualStudioVersion = 10.0.40219.1
Project("{FAE04EC0-301F-11D3-BF4B-00C04F79EFBC}") = "TheGreatest1013", "TheGreatest1013\TheGreatest1013.csproj", "{5FFCFC62-8E0A-4C03-94B0-0BDF5CE94F3B}"
EndProject
Global
	GlobalSection(SolutionConfigurationPlatforms) = preSolution
		Debug|Any CPU = Debug|Any CPU
		Release|Any CPU = Release|Any CPU
	EndGlobalSection
	GlobalSection(ProjectConfigurationPlatforms) = postSolution
		{5FFCFC62-8E0A-4C03-94B0-0BDF5CE94F3B}.Debug|Any CPU.ActiveCfg = Debug|Any CPU
		{5FFCFC62-8E0A-4C03-94B0-0BDF5CE94F3B}.Debug|Any CPU.Build.0 = Debug|Any CPU
		{5FFCFC62-8E0A-4C03-94B0-0BDF5CE94F3B}.Release|Any CPU.ActiveCfg = Release|Any CPU
		{5FFCFC62-8E0A-4C03-94B0-0BDF5CE94F3B}.Release|Any CPU.Build.0 = Release|Any CPU
	EndGlobalSection
	GlobalSection(SolutionProperties) = preSolution
		HideSolutionNode = FALSE
	EndGlobalSection
	GlobalSection(ExtensibilityGlobals) = postSolution
		SolutionGuid = {95259CF5-ACCA-416F-AE74-CFB400726B30}
	EndGlobalSection
EndGlobal
