
Microsoft Visual Studio Solution File, Format Version 12.00
# Visual Studio Version 17
VisualStudioVersion = 17.4.33110.190
MinimumVisualStudioVersion = 10.0.40219.1
Project("{FAE04EC0-301F-11D3-BF4B-00C04F79EFBC}") = "Animal1049", "Animal1049\Animal1049.csproj", "{C211B101-C803-4CEF-9564-435A1F69F3D1}"
EndProject
Global
	GlobalSection(SolutionConfigurationPlatforms) = preSolution
		Debug|Any CPU = Debug|Any CPU
		Release|Any CPU = Release|Any CPU
	EndGlobalSection
	GlobalSection(ProjectConfigurationPlatforms) = postSolution
		{C211B101-C803-4CEF-9564-435A1F69F3D1}.Debug|Any CPU.ActiveCfg = Debug|Any CPU
		{C211B101-C803-4CEF-9564-435A1F69F3D1}.Debug|Any CPU.Build.0 = Debug|Any CPU
		{C211B101-C803-4CEF-9564-435A1F69F3D1}.Release|Any CPU.ActiveCfg = Release|Any CPU
		{C211B101-C803-4CEF-9564-435A1F69F3D1}.Release|Any CPU.Build.0 = Release|Any CPU
	EndGlobalSection
	GlobalSection(SolutionProperties) = preSolution
		HideSolutionNode = FALSE
	EndGlobalSection
	GlobalSection(ExtensibilityGlobals) = postSolution
		SolutionGuid = {4D02D348-8D4A-4220-B2EC-8B0A8972E68D}
	EndGlobalSection
EndGlobal
