
Microsoft Visual Studio Solution File, Format Version 12.00
# Visual Studio Version 17
VisualStudioVersion = 17.4.33110.190
MinimumVisualStudioVersion = 10.0.40219.1
Project("{FAE04EC0-301F-11D3-BF4B-00C04F79EFBC}") = "TimeConversion1019", "TimeConversion1019\TimeConversion1019.csproj", "{1A0276B0-FA98-4C9D-A682-2556D77FDA7C}"
EndProject
Global
	GlobalSection(SolutionConfigurationPlatforms) = preSolution
		Debug|Any CPU = Debug|Any CPU
		Release|Any CPU = Release|Any CPU
	EndGlobalSection
	GlobalSection(ProjectConfigurationPlatforms) = postSolution
		{1A0276B0-FA98-4C9D-A682-2556D77FDA7C}.Debug|Any CPU.ActiveCfg = Debug|Any CPU
		{1A0276B0-FA98-4C9D-A682-2556D77FDA7C}.Debug|Any CPU.Build.0 = Debug|Any CPU
		{1A0276B0-FA98-4C9D-A682-2556D77FDA7C}.Release|Any CPU.ActiveCfg = Release|Any CPU
		{1A0276B0-FA98-4C9D-A682-2556D77FDA7C}.Release|Any CPU.Build.0 = Release|Any CPU
	EndGlobalSection
	GlobalSection(SolutionProperties) = preSolution
		HideSolutionNode = FALSE
	EndGlobalSection
	GlobalSection(ExtensibilityGlobals) = postSolution
		SolutionGuid = {98030847-411E-4EDB-B592-F37CEBB6F633}
	EndGlobalSection
EndGlobal
