
Microsoft Visual Studio Solution File, Format Version 12.00
# Visual Studio Version 17
VisualStudioVersion = 17.4.33110.190
MinimumVisualStudioVersion = 10.0.40219.1
Project("{FAE04EC0-301F-11D3-BF4B-00C04F79EFBC}") = "salaryincrease1048", "salaryincrease1048\salaryincrease1048.csproj", "{6390CC97-A683-40FE-AAD8-761C0289F094}"
EndProject
Global
	GlobalSection(SolutionConfigurationPlatforms) = preSolution
		Debug|Any CPU = Debug|Any CPU
		Release|Any CPU = Release|Any CPU
	EndGlobalSection
	GlobalSection(ProjectConfigurationPlatforms) = postSolution
		{6390CC97-A683-40FE-AAD8-761C0289F094}.Debug|Any CPU.ActiveCfg = Debug|Any CPU
		{6390CC97-A683-40FE-AAD8-761C0289F094}.Debug|Any CPU.Build.0 = Debug|Any CPU
		{6390CC97-A683-40FE-AAD8-761C0289F094}.Release|Any CPU.ActiveCfg = Release|Any CPU
		{6390CC97-A683-40FE-AAD8-761C0289F094}.Release|Any CPU.Build.0 = Release|Any CPU
	EndGlobalSection
	GlobalSection(SolutionProperties) = preSolution
		HideSolutionNode = FALSE
	EndGlobalSection
	GlobalSection(ExtensibilityGlobals) = postSolution
		SolutionGuid = {FF0A02DD-6054-4F2C-8252-84AF66A9E73D}
	EndGlobalSection
EndGlobal
