
Microsoft Visual Studio Solution File, Format Version 12.00
# Visual Studio Version 17
VisualStudioVersion = 17.4.33110.190
MinimumVisualStudioVersion = 10.0.40219.1
Project("{FAE04EC0-301F-11D3-BF4B-00C04F79EFBC}") = "intervalo2_1072", "intervalo2_1072\intervalo2_1072.csproj", "{03731F55-CFA3-4389-8AAA-27429C53460A}"
EndProject
Global
	GlobalSection(SolutionConfigurationPlatforms) = preSolution
		Debug|Any CPU = Debug|Any CPU
		Release|Any CPU = Release|Any CPU
	EndGlobalSection
	GlobalSection(ProjectConfigurationPlatforms) = postSolution
		{03731F55-CFA3-4389-8AAA-27429C53460A}.Debug|Any CPU.ActiveCfg = Debug|Any CPU
		{03731F55-CFA3-4389-8AAA-27429C53460A}.Debug|Any CPU.Build.0 = Debug|Any CPU
		{03731F55-CFA3-4389-8AAA-27429C53460A}.Release|Any CPU.ActiveCfg = Release|Any CPU
		{03731F55-CFA3-4389-8AAA-27429C53460A}.Release|Any CPU.Build.0 = Release|Any CPU
	EndGlobalSection
	GlobalSection(SolutionProperties) = preSolution
		HideSolutionNode = FALSE
	EndGlobalSection
	GlobalSection(ExtensibilityGlobals) = postSolution
		SolutionGuid = {AC991D33-CB5A-47B6-96F3-0CB6C178848C}
	EndGlobalSection
EndGlobal
