
Microsoft Visual Studio Solution File, Format Version 12.00
# Visual Studio Version 17
VisualStudioVersion = 17.4.33110.190
MinimumVisualStudioVersion = 10.0.40219.1
Project("{FAE04EC0-301F-11D3-BF4B-00C04F79EFBC}") = "Triangle1043", "Triangle1043\Triangle1043.csproj", "{4F134C02-0C14-49A7-A127-E584B5F380E4}"
EndProject
Global
	GlobalSection(SolutionConfigurationPlatforms) = preSolution
		Debug|Any CPU = Debug|Any CPU
		Release|Any CPU = Release|Any CPU
	EndGlobalSection
	GlobalSection(ProjectConfigurationPlatforms) = postSolution
		{4F134C02-0C14-49A7-A127-E584B5F380E4}.Debug|Any CPU.ActiveCfg = Debug|Any CPU
		{4F134C02-0C14-49A7-A127-E584B5F380E4}.Debug|Any CPU.Build.0 = Debug|Any CPU
		{4F134C02-0C14-49A7-A127-E584B5F380E4}.Release|Any CPU.ActiveCfg = Release|Any CPU
		{4F134C02-0C14-49A7-A127-E584B5F380E4}.Release|Any CPU.Build.0 = Release|Any CPU
	EndGlobalSection
	GlobalSection(SolutionProperties) = preSolution
		HideSolutionNode = FALSE
	EndGlobalSection
	GlobalSection(ExtensibilityGlobals) = postSolution
		SolutionGuid = {DC3D75F2-8B98-4D70-962B-55C2B8A15442}
	EndGlobalSection
EndGlobal
