
Microsoft Visual Studio Solution File, Format Version 12.00
# Visual Studio Version 17
VisualStudioVersion = 17.4.33110.190
MinimumVisualStudioVersion = 10.0.40219.1
Project("{FAE04EC0-301F-11D3-BF4B-00C04F79EFBC}") = "Tabuada1078", "Tabuada1078\Tabuada1078.csproj", "{BAD328E4-F685-4827-8732-35280F2601F5}"
EndProject
Global
	GlobalSection(SolutionConfigurationPlatforms) = preSolution
		Debug|Any CPU = Debug|Any CPU
		Release|Any CPU = Release|Any CPU
	EndGlobalSection
	GlobalSection(ProjectConfigurationPlatforms) = postSolution
		{BAD328E4-F685-4827-8732-35280F2601F5}.Debug|Any CPU.ActiveCfg = Debug|Any CPU
		{BAD328E4-F685-4827-8732-35280F2601F5}.Debug|Any CPU.Build.0 = Debug|Any CPU
		{BAD328E4-F685-4827-8732-35280F2601F5}.Release|Any CPU.ActiveCfg = Release|Any CPU
		{BAD328E4-F685-4827-8732-35280F2601F5}.Release|Any CPU.Build.0 = Release|Any CPU
	EndGlobalSection
	GlobalSection(SolutionProperties) = preSolution
		HideSolutionNode = FALSE
	EndGlobalSection
	GlobalSection(ExtensibilityGlobals) = postSolution
		SolutionGuid = {07479351-23F7-4A74-9BDE-58C6D020E924}
	EndGlobalSection
EndGlobal
