
Microsoft Visual Studio Solution File, Format Version 12.00
# Visual Studio Version 17
VisualStudioVersion = 17.4.33110.190
MinimumVisualStudioVersion = 10.0.40219.1
Project("{FAE04EC0-301F-11D3-BF4B-00C04F79EFBC}") = "sphere1011", "sphere1011\sphere1011.csproj", "{29366F7C-F351-402E-A17E-871B7BB86B6F}"
EndProject
Global
	GlobalSection(SolutionConfigurationPlatforms) = preSolution
		Debug|Any CPU = Debug|Any CPU
		Release|Any CPU = Release|Any CPU
	EndGlobalSection
	GlobalSection(ProjectConfigurationPlatforms) = postSolution
		{29366F7C-F351-402E-A17E-871B7BB86B6F}.Debug|Any CPU.ActiveCfg = Debug|Any CPU
		{29366F7C-F351-402E-A17E-871B7BB86B6F}.Debug|Any CPU.Build.0 = Debug|Any CPU
		{29366F7C-F351-402E-A17E-871B7BB86B6F}.Release|Any CPU.ActiveCfg = Release|Any CPU
		{29366F7C-F351-402E-A17E-871B7BB86B6F}.Release|Any CPU.Build.0 = Release|Any CPU
	EndGlobalSection
	GlobalSection(SolutionProperties) = preSolution
		HideSolutionNode = FALSE
	EndGlobalSection
	GlobalSection(ExtensibilityGlobals) = postSolution
		SolutionGuid = {2D492F9B-9D56-4EC0-8EE7-3A8C5B2405C1}
	EndGlobalSection
EndGlobal
