
Microsoft Visual Studio Solution File, Format Version 12.00
# Visual Studio Version 17
VisualStudioVersion = 17.4.33110.190
MinimumVisualStudioVersion = 10.0.40219.1
Project("{FAE04EC0-301F-11D3-BF4B-00C04F79EFBC}") = "MediasPonderadas1079", "MediasPonderadas1079\MediasPonderadas1079.csproj", "{B1785007-52DC-45BA-AC75-1215C9E5B152}"
EndProject
Global
	GlobalSection(SolutionConfigurationPlatforms) = preSolution
		Debug|Any CPU = Debug|Any CPU
		Release|Any CPU = Release|Any CPU
	EndGlobalSection
	GlobalSection(ProjectConfigurationPlatforms) = postSolution
		{B1785007-52DC-45BA-AC75-1215C9E5B152}.Debug|Any CPU.ActiveCfg = Debug|Any CPU
		{B1785007-52DC-45BA-AC75-1215C9E5B152}.Debug|Any CPU.Build.0 = Debug|Any CPU
		{B1785007-52DC-45BA-AC75-1215C9E5B152}.Release|Any CPU.ActiveCfg = Release|Any CPU
		{B1785007-52DC-45BA-AC75-1215C9E5B152}.Release|Any CPU.Build.0 = Release|Any CPU
	EndGlobalSection
	GlobalSection(SolutionProperties) = preSolution
		HideSolutionNode = FALSE
	EndGlobalSection
	GlobalSection(ExtensibilityGlobals) = postSolution
		SolutionGuid = {370FD0F1-CE93-4524-812B-750DF45309D7}
	EndGlobalSection
EndGlobal
