
Microsoft Visual Studio Solution File, Format Version 12.00
# Visual Studio Version 17
VisualStudioVersion = 17.4.33110.190
MinimumVisualStudioVersion = 10.0.40219.1
Project("{FAE04EC0-301F-11D3-BF4B-00C04F79EFBC}") = "PositivesandAverage1064", "PositivesandAverage1064\PositivesandAverage1064.csproj", "{EF0D0EA7-5137-4E53-A667-C5789AB2159F}"
EndProject
Global
	GlobalSection(SolutionConfigurationPlatforms) = preSolution
		Debug|Any CPU = Debug|Any CPU
		Release|Any CPU = Release|Any CPU
	EndGlobalSection
	GlobalSection(ProjectConfigurationPlatforms) = postSolution
		{EF0D0EA7-5137-4E53-A667-C5789AB2159F}.Debug|Any CPU.ActiveCfg = Debug|Any CPU
		{EF0D0EA7-5137-4E53-A667-C5789AB2159F}.Debug|Any CPU.Build.0 = Debug|Any CPU
		{EF0D0EA7-5137-4E53-A667-C5789AB2159F}.Release|Any CPU.ActiveCfg = Release|Any CPU
		{EF0D0EA7-5137-4E53-A667-C5789AB2159F}.Release|Any CPU.Build.0 = Release|Any CPU
	EndGlobalSection
	GlobalSection(SolutionProperties) = preSolution
		HideSolutionNode = FALSE
	EndGlobalSection
	GlobalSection(ExtensibilityGlobals) = postSolution
		SolutionGuid = {972BF58B-ED33-46D8-A7C6-E27459279591}
	EndGlobalSection
EndGlobal
