
Microsoft Visual Studio Solution File, Format Version 12.00
# Visual Studio Version 17
VisualStudioVersion = 17.4.33110.190
MinimumVisualStudioVersion = 10.0.40219.1
Project("{FAE04EC0-301F-11D3-BF4B-00C04F79EFBC}") = "OddNumbers1067", "OddNumbers1067\OddNumbers1067.csproj", "{B73D22CA-D83A-4470-BA52-42A74A6AD725}"
EndProject
Global
	GlobalSection(SolutionConfigurationPlatforms) = preSolution
		Debug|Any CPU = Debug|Any CPU
		Release|Any CPU = Release|Any CPU
	EndGlobalSection
	GlobalSection(ProjectConfigurationPlatforms) = postSolution
		{B73D22CA-D83A-4470-BA52-42A74A6AD725}.Debug|Any CPU.ActiveCfg = Debug|Any CPU
		{B73D22CA-D83A-4470-BA52-42A74A6AD725}.Debug|Any CPU.Build.0 = Debug|Any CPU
		{B73D22CA-D83A-4470-BA52-42A74A6AD725}.Release|Any CPU.ActiveCfg = Release|Any CPU
		{B73D22CA-D83A-4470-BA52-42A74A6AD725}.Release|Any CPU.Build.0 = Release|Any CPU
	EndGlobalSection
	GlobalSection(SolutionProperties) = preSolution
		HideSolutionNode = FALSE
	EndGlobalSection
	GlobalSection(ExtensibilityGlobals) = postSolution
		SolutionGuid = {DC23AF18-646B-4886-A593-6326BDCA80F2}
	EndGlobalSection
EndGlobal
