
Microsoft Visual Studio Solution File, Format Version 12.00
# Visual Studio Version 17
VisualStudioVersion = 17.4.33110.190
MinimumVisualStudioVersion = 10.0.40219.1
Project("{FAE04EC0-301F-11D3-BF4B-00C04F79EFBC}") = "SequenciaIJ2_1096", "SequenciaIJ2_1096\SequenciaIJ2_1096.csproj", "{CE5D2BC2-69D1-4A2B-B0D9-19BAE1A78C9F}"
EndProject
Global
	GlobalSection(SolutionConfigurationPlatforms) = preSolution
		Debug|Any CPU = Debug|Any CPU
		Release|Any CPU = Release|Any CPU
	EndGlobalSection
	GlobalSection(ProjectConfigurationPlatforms) = postSolution
		{CE5D2BC2-69D1-4A2B-B0D9-19BAE1A78C9F}.Debug|Any CPU.ActiveCfg = Debug|Any CPU
		{CE5D2BC2-69D1-4A2B-B0D9-19BAE1A78C9F}.Debug|Any CPU.Build.0 = Debug|Any CPU
		{CE5D2BC2-69D1-4A2B-B0D9-19BAE1A78C9F}.Release|Any CPU.ActiveCfg = Release|Any CPU
		{CE5D2BC2-69D1-4A2B-B0D9-19BAE1A78C9F}.Release|Any CPU.Build.0 = Release|Any CPU
	EndGlobalSection
	GlobalSection(SolutionProperties) = preSolution
		HideSolutionNode = FALSE
	EndGlobalSection
	GlobalSection(ExtensibilityGlobals) = postSolution
		SolutionGuid = {379279C6-BBC5-4B82-8462-8C6D9EBBAAAF}
	EndGlobalSection
EndGlobal
